
Microsoft Visual Studio Solution File, Format Version 12.00
# Visual Studio Version 17
VisualStudioVersion = 17.7.34003.232
MinimumVisualStudioVersion = 10.0.40219.1
Project("{FAE04EC0-301F-11D3-BF4B-00C04F79EFBC}") = "QuizTask", "QuizTask\QuizTask.csproj", "{24599355-43A9-48D9-9416-BF94B0C78A9D}"
EndProject
Global
	GlobalSection(SolutionConfigurationPlatforms) = preSolution
		Debug|Any CPU = Debug|Any CPU
		Release|Any CPU = Release|Any CPU
	EndGlobalSection
	GlobalSection(ProjectConfigurationPlatforms) = postSolution
		{24599355-43A9-48D9-9416-BF94B0C78A9D}.Debug|Any CPU.ActiveCfg = Debug|Any CPU
		{24599355-43A9-48D9-9416-BF94B0C78A9D}.Debug|Any CPU.Build.0 = Debug|Any CPU
		{24599355-43A9-48D9-9416-BF94B0C78A9D}.Release|Any CPU.ActiveCfg = Release|Any CPU
		{24599355-43A9-48D9-9416-BF94B0C78A9D}.Release|Any CPU.Build.0 = Release|Any CPU
	EndGlobalSection
	GlobalSection(SolutionProperties) = preSolution
		HideSolutionNode = FALSE
	EndGlobalSection
	GlobalSection(ExtensibilityGlobals) = postSolution
		SolutionGuid = {EB589542-3F7E-4A93-84E1-156FE6C69E47}
	EndGlobalSection
EndGlobal
